
Microsoft Visual Studio Solution File, Format Version 12.00
# Visual Studio Version 17
VisualStudioVersion = 17.7.34221.43
MinimumVisualStudioVersion = 10.0.40219.1
Project("{FAE04EC0-301F-11D3-BF4B-00C04F79EFBC}") = "UFOPlayer", "UFOPlayer\UFOPlayer.csproj", "{04B40A3E-46E0-47E9-9F0E-D201F295980E}"
EndProject
Global
	GlobalSection(SolutionConfigurationPlatforms) = preSolution
		Debug|Any CPU = Debug|Any CPU
		Release|Any CPU = Release|Any CPU
	EndGlobalSection
	GlobalSection(ProjectConfigurationPlatforms) = postSolution
		{04B40A3E-46E0-47E9-9F0E-D201F295980E}.Debug|Any CPU.ActiveCfg = Debug|Any CPU
		{04B40A3E-46E0-47E9-9F0E-D201F295980E}.Debug|Any CPU.Build.0 = Debug|Any CPU
		{04B40A3E-46E0-47E9-9F0E-D201F295980E}.Release|Any CPU.ActiveCfg = Release|Any CPU
		{04B40A3E-46E0-47E9-9F0E-D201F295980E}.Release|Any CPU.Build.0 = Release|Any CPU
	EndGlobalSection
	GlobalSection(SolutionProperties) = preSolution
		HideSolutionNode = FALSE
	EndGlobalSection
	GlobalSection(ExtensibilityGlobals) = postSolution
		SolutionGuid = {E1E38BA2-D84C-4AEA-A782-584A53394349}
	EndGlobalSection
EndGlobal
